// !$*UTF8*$!
{
	archiveVersion = 1;
	classes = {
	};
	objectVersion = 56;
	objects = {

/* Begin PBXBuildFile section */
		BF8685162B83549500A6FF93 /* GADUtil in Frameworks */ = {isa = PBXBuildFile; productRef = BF8685152B83549500A6FF93 /* GADUtil */; };
		BF8685192B83551000A6FF93 /* GADNativeView.swift in Sources */ = {isa = PBXBuildFile; fileRef = BF8685172B83550F00A6FF93 /* GADNativeView.swift */; };
		BF86851A2B83551000A6FF93 /* GADConfig.json in Resources */ = {isa = PBXBuildFile; fileRef = BF8685182B83551000A6FF93 /* GADConfig.json */; };
		BF8685202B8356CB00A6FF93 /* FacebookAEM in Frameworks */ = {isa = PBXBuildFile; productRef = BF86851F2B8356CB00A6FF93 /* FacebookAEM */; };
		BF8685222B8356CB00A6FF93 /* FacebookBasics in Frameworks */ = {isa = PBXBuildFile; productRef = BF8685212B8356CB00A6FF93 /* FacebookBasics */; };
		BF8685242B8356CB00A6FF93 /* FacebookCore in Frameworks */ = {isa = PBXBuildFile; productRef = BF8685232B8356CB00A6FF93 /* FacebookCore */; };
		BFAFCCBE2B74A54C00C29768 /* NotificationUtil.swift in Sources */ = {isa = PBXBuildFile; fileRef = BFAFCCBD2B74A54C00C29768 /* NotificationUtil.swift */; };
		BFAFCCC02B74A89200C29768 /* DetailView.swift in Sources */ = {isa = PBXBuildFile; fileRef = BFAFCCBF2B74A89200C29768 /* DetailView.swift */; };
		BFAFCCC22B74AE6E00C29768 /* PrivacyView.swift in Sources */ = {isa = PBXBuildFile; fileRef = BFAFCCC12B74AE6E00C29768 /* PrivacyView.swift */; };
		BFE17BA72B74717500701EA7 /* ProfileData.swift in Sources */ = {isa = PBXBuildFile; fileRef = BFE17BA62B74717500701EA7 /* ProfileData.swift */; };
		BFE17BA92B74758D00701EA7 /* ReminderView.swift in Sources */ = {isa = PBXBuildFile; fileRef = BFE17BA82B74758D00701EA7 /* ReminderView.swift */; };
		BFE17BAB2B747C5300701EA7 /* ReminderData.swift in Sources */ = {isa = PBXBuildFile; fileRef = BFE17BAA2B747C5300701EA7 /* ReminderData.swift */; };
		BFE17BAD2B74853A00701EA7 /* DatePickerView.xib in Resources */ = {isa = PBXBuildFile; fileRef = BFE17BAC2B74853A00701EA7 /* DatePickerView.xib */; };
		BFE17BAF2B74858600701EA7 /* DatePickerView.swift in Sources */ = {isa = PBXBuildFile; fileRef = BFE17BAE2B74858600701EA7 /* DatePickerView.swift */; };
		BFEE203D2B71DB9400B152AF /* Love2drinkApp.swift in Sources */ = {isa = PBXBuildFile; fileRef = BFEE203C2B71DB9400B152AF /* Love2drinkApp.swift */; };
		BFEE203F2B71DB9400B152AF /* AppContentView.swift in Sources */ = {isa = PBXBuildFile; fileRef = BFEE203E2B71DB9400B152AF /* AppContentView.swift */; };
		BFEE20412B71DB9600B152AF /* Assets.xcassets in Resources */ = {isa = PBXBuildFile; fileRef = BFEE20402B71DB9600B152AF /* Assets.xcassets */; };
		BFEE20442B71DB9600B152AF /* Preview Assets.xcassets in Resources */ = {isa = PBXBuildFile; fileRef = BFEE20432B71DB9600B152AF /* Preview Assets.xcassets */; };
		BFEE204C2B71DF9500B152AF /* ComposableArchitecture in Frameworks */ = {isa = PBXBuildFile; productRef = BFEE204B2B71DF9500B152AF /* ComposableArchitecture */; };
		BFEE20512B71E4ED00B152AF /* Modifier.swift in Sources */ = {isa = PBXBuildFile; fileRef = BFEE20502B71E4ED00B152AF /* Modifier.swift */; };
		BFEE20532B71E56200B152AF /* ViewExt.swift in Sources */ = {isa = PBXBuildFile; fileRef = BFEE20522B71E56200B152AF /* ViewExt.swift */; };
		BFEE20552B71E59F00B152AF /* AppUtil.swift in Sources */ = {isa = PBXBuildFile; fileRef = BFEE20542B71E59F00B152AF /* AppUtil.swift */; };
		BFEE20572B71E94800B152AF /* LoadingView.swift in Sources */ = {isa = PBXBuildFile; fileRef = BFEE20562B71E94800B152AF /* LoadingView.swift */; };
		BFEE20592B71EA7900B152AF /* HomeView.swift in Sources */ = {isa = PBXBuildFile; fileRef = BFEE20582B71EA7900B152AF /* HomeView.swift */; };
		BFEE205B2B72166500B152AF /* DrinkView.swift in Sources */ = {isa = PBXBuildFile; fileRef = BFEE205A2B72166500B152AF /* DrinkView.swift */; };
		BFEE205D2B72169700B152AF /* ChartsView.swift in Sources */ = {isa = PBXBuildFile; fileRef = BFEE205C2B72169700B152AF /* ChartsView.swift */; };
		BFEE205F2B7216D200B152AF /* MedalView.swift in Sources */ = {isa = PBXBuildFile; fileRef = BFEE205E2B7216D200B152AF /* MedalView.swift */; };
		BFEE20612B7216F100B152AF /* ProfileView.swift in Sources */ = {isa = PBXBuildFile; fileRef = BFEE20602B7216F100B152AF /* ProfileView.swift */; };
		BFEE20632B7230FC00B152AF /* DrinkModel.swift in Sources */ = {isa = PBXBuildFile; fileRef = BFEE20622B7230FC00B152AF /* DrinkModel.swift */; };
		BFEE20652B72401D00B152AF /* CacheUtil.swift in Sources */ = {isa = PBXBuildFile; fileRef = BFEE20642B72401D00B152AF /* CacheUtil.swift */; };
		BFEE20672B72443400B152AF /* DailyGoalView.swift in Sources */ = {isa = PBXBuildFile; fileRef = BFEE20662B72443400B152AF /* DailyGoalView.swift */; };
		BFEE206D2B73157300B152AF /* RecordView.swift in Sources */ = {isa = PBXBuildFile; fileRef = BFEE206C2B73157300B152AF /* RecordView.swift */; };
		BFEE206F2B732C9A00B152AF /* HistoryView.swift in Sources */ = {isa = PBXBuildFile; fileRef = BFEE206E2B732C9A00B152AF /* HistoryView.swift */; };
		BFEE20712B73552A00B152AF /* ChartsModel.swift in Sources */ = {isa = PBXBuildFile; fileRef = BFEE20702B73552A00B152AF /* ChartsModel.swift */; };
		BFEE20732B736B6200B152AF /* MedalData.swift in Sources */ = {isa = PBXBuildFile; fileRef = BFEE20722B736B6200B152AF /* MedalData.swift */; };
/* End PBXBuildFile section */

/* Begin PBXFileReference section */
		BF8685172B83550F00A6FF93 /* GADNativeView.swift */ = {isa = PBXFileReference; fileEncoding = 4; lastKnownFileType = sourcecode.swift; path = GADNativeView.swift; sourceTree = "<group>"; };
		BF8685182B83551000A6FF93 /* GADConfig.json */ = {isa = PBXFileReference; fileEncoding = 4; lastKnownFileType = text.json; path = GADConfig.json; sourceTree = "<group>"; };
		BF86851D2B83556E00A6FF93 /* Info.plist */ = {isa = PBXFileReference; lastKnownFileType = text.plist; path = Info.plist; sourceTree = "<group>"; };
		BFAFCCBD2B74A54C00C29768 /* NotificationUtil.swift */ = {isa = PBXFileReference; lastKnownFileType = sourcecode.swift; path = NotificationUtil.swift; sourceTree = "<group>"; };
		BFAFCCBF2B74A89200C29768 /* DetailView.swift */ = {isa = PBXFileReference; lastKnownFileType = sourcecode.swift; path = DetailView.swift; sourceTree = "<group>"; };
		BFAFCCC12B74AE6E00C29768 /* PrivacyView.swift */ = {isa = PBXFileReference; lastKnownFileType = sourcecode.swift; path = PrivacyView.swift; sourceTree = "<group>"; };
		BFE17BA62B74717500701EA7 /* ProfileData.swift */ = {isa = PBXFileReference; lastKnownFileType = sourcecode.swift; path = ProfileData.swift; sourceTree = "<group>"; };
		BFE17BA82B74758D00701EA7 /* ReminderView.swift */ = {isa = PBXFileReference; lastKnownFileType = sourcecode.swift; path = ReminderView.swift; sourceTree = "<group>"; };
		BFE17BAA2B747C5300701EA7 /* ReminderData.swift */ = {isa = PBXFileReference; lastKnownFileType = sourcecode.swift; path = ReminderData.swift; sourceTree = "<group>"; };
		BFE17BAC2B74853A00701EA7 /* DatePickerView.xib */ = {isa = PBXFileReference; fileEncoding = 4; lastKnownFileType = file.xib; path = DatePickerView.xib; sourceTree = "<group>"; };
		BFE17BAE2B74858600701EA7 /* DatePickerView.swift */ = {isa = PBXFileReference; lastKnownFileType = sourcecode.swift; path = DatePickerView.swift; sourceTree = "<group>"; };
		BFEE20392B71DB9400B152AF /* Love2drink.app */ = {isa = PBXFileReference; explicitFileType = wrapper.application; includeInIndex = 0; path = Love2drink.app; sourceTree = BUILT_PRODUCTS_DIR; };
		BFEE203C2B71DB9400B152AF /* Love2drinkApp.swift */ = {isa = PBXFileReference; lastKnownFileType = sourcecode.swift; path = Love2drinkApp.swift; sourceTree = "<group>"; };
		BFEE203E2B71DB9400B152AF /* AppContentView.swift */ = {isa = PBXFileReference; lastKnownFileType = sourcecode.swift; path = AppContentView.swift; sourceTree = "<group>"; };
		BFEE20402B71DB9600B152AF /* Assets.xcassets */ = {isa = PBXFileReference; lastKnownFileType = folder.assetcatalog; path = Assets.xcassets; sourceTree = "<group>"; };
		BFEE20432B71DB9600B152AF /* Preview Assets.xcassets */ = {isa = PBXFileReference; lastKnownFileType = folder.assetcatalog; path = "Preview Assets.xcassets"; sourceTree = "<group>"; };
		BFEE20502B71E4ED00B152AF /* Modifier.swift */ = {isa = PBXFileReference; lastKnownFileType = sourcecode.swift; path = Modifier.swift; sourceTree = "<group>"; };
		BFEE20522B71E56200B152AF /* ViewExt.swift */ = {isa = PBXFileReference; lastKnownFileType = sourcecode.swift; path = ViewExt.swift; sourceTree = "<group>"; };
		BFEE20542B71E59F00B152AF /* AppUtil.swift */ = {isa = PBXFileReference; fileEncoding = 4; lastKnownFileType = sourcecode.swift; path = AppUtil.swift; sourceTree = "<group>"; };
		BFEE20562B71E94800B152AF /* LoadingView.swift */ = {isa = PBXFileReference; lastKnownFileType = sourcecode.swift; path = LoadingView.swift; sourceTree = "<group>"; };
		BFEE20582B71EA7900B152AF /* HomeView.swift */ = {isa = PBXFileReference; lastKnownFileType = sourcecode.swift; path = HomeView.swift; sourceTree = "<group>"; };
		BFEE205A2B72166500B152AF /* DrinkView.swift */ = {isa = PBXFileReference; lastKnownFileType = sourcecode.swift; path = DrinkView.swift; sourceTree = "<group>"; };
		BFEE205C2B72169700B152AF /* ChartsView.swift */ = {isa = PBXFileReference; lastKnownFileType = sourcecode.swift; path = ChartsView.swift; sourceTree = "<group>"; };
		BFEE205E2B7216D200B152AF /* MedalView.swift */ = {isa = PBXFileReference; lastKnownFileType = sourcecode.swift; path = MedalView.swift; sourceTree = "<group>"; };
		BFEE20602B7216F100B152AF /* ProfileView.swift */ = {isa = PBXFileReference; lastKnownFileType = sourcecode.swift; path = ProfileView.swift; sourceTree = "<group>"; };
		BFEE20622B7230FC00B152AF /* DrinkModel.swift */ = {isa = PBXFileReference; lastKnownFileType = sourcecode.swift; path = DrinkModel.swift; sourceTree = "<group>"; };
		BFEE20642B72401D00B152AF /* CacheUtil.swift */ = {isa = PBXFileReference; lastKnownFileType = sourcecode.swift; path = CacheUtil.swift; sourceTree = "<group>"; };
		BFEE20662B72443400B152AF /* DailyGoalView.swift */ = {isa = PBXFileReference; lastKnownFileType = sourcecode.swift; path = DailyGoalView.swift; sourceTree = "<group>"; };
		BFEE206C2B73157300B152AF /* RecordView.swift */ = {isa = PBXFileReference; lastKnownFileType = sourcecode.swift; path = RecordView.swift; sourceTree = "<group>"; };
		BFEE206E2B732C9A00B152AF /* HistoryView.swift */ = {isa = PBXFileReference; lastKnownFileType = sourcecode.swift; path = HistoryView.swift; sourceTree = "<group>"; };
		BFEE20702B73552A00B152AF /* ChartsModel.swift */ = {isa = PBXFileReference; lastKnownFileType = sourcecode.swift; path = ChartsModel.swift; sourceTree = "<group>"; };
		BFEE20722B736B6200B152AF /* MedalData.swift */ = {isa = PBXFileReference; lastKnownFileType = sourcecode.swift; path = MedalData.swift; sourceTree = "<group>"; };
/* End PBXFileReference section */

/* Begin PBXFrameworksBuildPhase section */
		BFEE20362B71DB9400B152AF /* Frameworks */ = {
			isa = PBXFrameworksBuildPhase;
			buildActionMask = 2147483647;
			files = (
				BF8685202B8356CB00A6FF93 /* FacebookAEM in Frameworks */,
				BF8685242B8356CB00A6FF93 /* FacebookCore in Frameworks */,
				BF8685222B8356CB00A6FF93 /* FacebookBasics in Frameworks */,
				BFEE204C2B71DF9500B152AF /* ComposableArchitecture in Frameworks */,
				BF8685162B83549500A6FF93 /* GADUtil in Frameworks */,
			);
			runOnlyForDeploymentPostprocessing = 0;
		};
/* End PBXFrameworksBuildPhase section */

/* Begin PBXGroup section */
		BFEE20302B71DB9400B152AF = {
			isa = PBXGroup;
			children = (
				BFEE203B2B71DB9400B152AF /* Love2drink */,
				BFEE203A2B71DB9400B152AF /* Products */,
			);
			sourceTree = "<group>";
		};
		BFEE203A2B71DB9400B152AF /* Products */ = {
			isa = PBXGroup;
			children = (
				BFEE20392B71DB9400B152AF /* Love2drink.app */,
			);
			name = Products;
			sourceTree = "<group>";
		};
		BFEE203B2B71DB9400B152AF /* Love2drink */ = {
			isa = PBXGroup;
			children = (
				BF86851D2B83556E00A6FF93 /* Info.plist */,
				BFEE204F2B71E4E300B152AF /* Util */,
				BFEE204E2B71E30F00B152AF /* Data */,
				BFEE204D2B71E30F00B152AF /* View */,
				BFEE203C2B71DB9400B152AF /* Love2drinkApp.swift */,
				BFEE203E2B71DB9400B152AF /* AppContentView.swift */,
				BFEE20402B71DB9600B152AF /* Assets.xcassets */,
				BFEE20422B71DB9600B152AF /* Preview Content */,
			);
			path = Love2drink;
			sourceTree = "<group>";
		};
		BFEE20422B71DB9600B152AF /* Preview Content */ = {
			isa = PBXGroup;
			children = (
				BFEE20432B71DB9600B152AF /* Preview Assets.xcassets */,
			);
			path = "Preview Content";
			sourceTree = "<group>";
		};
		BFEE204D2B71E30F00B152AF /* View */ = {
			isa = PBXGroup;
			children = (
				BFEE20562B71E94800B152AF /* LoadingView.swift */,
				BFEE20582B71EA7900B152AF /* HomeView.swift */,
				BFEE205A2B72166500B152AF /* DrinkView.swift */,
				BFEE20662B72443400B152AF /* DailyGoalView.swift */,
				BFEE206C2B73157300B152AF /* RecordView.swift */,
				BFEE205C2B72169700B152AF /* ChartsView.swift */,
				BFEE206E2B732C9A00B152AF /* HistoryView.swift */,
				BFEE205E2B7216D200B152AF /* MedalView.swift */,
				BFE17BA82B74758D00701EA7 /* ReminderView.swift */,
				BFAFCCBF2B74A89200C29768 /* DetailView.swift */,
				BFEE20602B7216F100B152AF /* ProfileView.swift */,
				BFAFCCC12B74AE6E00C29768 /* PrivacyView.swift */,
				BFE17BAC2B74853A00701EA7 /* DatePickerView.xib */,
				BFE17BAE2B74858600701EA7 /* DatePickerView.swift */,
			);
			path = View;
			sourceTree = "<group>";
		};
		BFEE204E2B71E30F00B152AF /* Data */ = {
			isa = PBXGroup;
			children = (
				BFEE20622B7230FC00B152AF /* DrinkModel.swift */,
				BFEE20702B73552A00B152AF /* ChartsModel.swift */,
				BFEE20722B736B6200B152AF /* MedalData.swift */,
				BFE17BA62B74717500701EA7 /* ProfileData.swift */,
				BFE17BAA2B747C5300701EA7 /* ReminderData.swift */,
			);
			path = Data;
			sourceTree = "<group>";
		};
		BFEE204F2B71E4E300B152AF /* Util */ = {
			isa = PBXGroup;
			children = (
				BF8685182B83551000A6FF93 /* GADConfig.json */,
				BF8685172B83550F00A6FF93 /* GADNativeView.swift */,
				BFEE20542B71E59F00B152AF /* AppUtil.swift */,
				BFEE20642B72401D00B152AF /* CacheUtil.swift */,
				BFEE20502B71E4ED00B152AF /* Modifier.swift */,
				BFEE20522B71E56200B152AF /* ViewExt.swift */,
				BFAFCCBD2B74A54C00C29768 /* NotificationUtil.swift */,
			);
			path = Util;
			sourceTree = "<group>";
		};
/* End PBXGroup section */

/* Begin PBXNativeTarget section */
		BFEE20382B71DB9400B152AF /* Love2drink */ = {
			isa = PBXNativeTarget;
			buildConfigurationList = BFEE20472B71DB9600B152AF /* Build configuration list for PBXNativeTarget "Love2drink" */;
			buildPhases = (
				BFEE20352B71DB9400B152AF /* Sources */,
				BFEE20362B71DB9400B152AF /* Frameworks */,
				BFEE20372B71DB9400B152AF /* Resources */,
			);
			buildRules = (
			);
			dependencies = (
			);
			name = Love2drink;
			packageProductDependencies = (
				BFEE204B2B71DF9500B152AF /* ComposableArchitecture */,
				BF8685152B83549500A6FF93 /* GADUtil */,
				BF86851F2B8356CB00A6FF93 /* FacebookAEM */,
				BF8685212B8356CB00A6FF93 /* FacebookBasics */,
				BF8685232B8356CB00A6FF93 /* FacebookCore */,
			);
			productName = Love2drink;
			productReference = BFEE20392B71DB9400B152AF /* Love2drink.app */;
			productType = "com.apple.product-type.application";
		};
/* End PBXNativeTarget section */

/* Begin PBXProject section */
		BFEE20312B71DB9400B152AF /* Project object */ = {
			isa = PBXProject;
			attributes = {
				BuildIndependentTargetsInParallel = 1;
				LastSwiftUpdateCheck = 1520;
				LastUpgradeCheck = 1520;
				TargetAttributes = {
					BFEE20382B71DB9400B152AF = {
						CreatedOnToolsVersion = 15.2;
					};
				};
			};
			buildConfigurationList = BFEE20342B71DB9400B152AF /* Build configuration list for PBXProject "Love2drink" */;
			compatibilityVersion = "Xcode 14.0";
			developmentRegion = en;
			hasScannedForEncodings = 0;
			knownRegions = (
				en,
				Base,
			);
			mainGroup = BFEE20302B71DB9400B152AF;
			packageReferences = (
				BFEE204A2B71DF9500B152AF /* XCRemoteSwiftPackageReference "swift-composable-architecture" */,
				BF8685142B83549500A6FF93 /* XCRemoteSwiftPackageReference "gadutil" */,
				BF86851E2B8356CB00A6FF93 /* XCRemoteSwiftPackageReference "facebook-ios-sdk" */,
			);
			productRefGroup = BFEE203A2B71DB9400B152AF /* Products */;
			projectDirPath = "";
			projectRoot = "";
			targets = (
				BFEE20382B71DB9400B152AF /* Love2drink */,
			);
		};
/* End PBXProject section */

/* Begin PBXResourcesBuildPhase section */
		BFEE20372B71DB9400B152AF /* Resources */ = {
			isa = PBXResourcesBuildPhase;
			buildActionMask = 2147483647;
			files = (
				BF86851A2B83551000A6FF93 /* GADConfig.json in Resources */,
				BFE17BAD2B74853A00701EA7 /* DatePickerView.xib in Resources */,
				BFEE20442B71DB9600B152AF /* Preview Assets.xcassets in Resources */,
				BFEE20412B71DB9600B152AF /* Assets.xcassets in Resources */,
			);
			runOnlyForDeploymentPostprocessing = 0;
		};
/* End PBXResourcesBuildPhase section */

/* Begin PBXSourcesBuildPhase section */
		BFEE20352B71DB9400B152AF /* Sources */ = {
			isa = PBXSourcesBuildPhase;
			buildActionMask = 2147483647;
			files = (
				BFEE20532B71E56200B152AF /* ViewExt.swift in Sources */,
				BFAFCCC02B74A89200C29768 /* DetailView.swift in Sources */,
				BFEE20592B71EA7900B152AF /* HomeView.swift in Sources */,
				BFAFCCBE2B74A54C00C29768 /* NotificationUtil.swift in Sources */,
				BFAFCCC22B74AE6E00C29768 /* PrivacyView.swift in Sources */,
				BFEE205D2B72169700B152AF /* ChartsView.swift in Sources */,
				BFEE20652B72401D00B152AF /* CacheUtil.swift in Sources */,
				BFEE203F2B71DB9400B152AF /* AppContentView.swift in Sources */,
				BFEE20672B72443400B152AF /* DailyGoalView.swift in Sources */,
				BFE17BA92B74758D00701EA7 /* ReminderView.swift in Sources */,
				BFEE205F2B7216D200B152AF /* MedalView.swift in Sources */,
				BFEE20712B73552A00B152AF /* ChartsModel.swift in Sources */,
				BFEE203D2B71DB9400B152AF /* Love2drinkApp.swift in Sources */,
				BFE17BAB2B747C5300701EA7 /* ReminderData.swift in Sources */,
				BFE17BA72B74717500701EA7 /* ProfileData.swift in Sources */,
				BFEE20732B736B6200B152AF /* MedalData.swift in Sources */,
				BFEE20552B71E59F00B152AF /* AppUtil.swift in Sources */,
				BFE17BAF2B74858600701EA7 /* DatePickerView.swift in Sources */,
				BFEE206F2B732C9A00B152AF /* HistoryView.swift in Sources */,
				BFEE205B2B72166500B152AF /* DrinkView.swift in Sources */,
				BFEE20632B7230FC00B152AF /* DrinkModel.swift in Sources */,
				BFEE20512B71E4ED00B152AF /* Modifier.swift in Sources */,
				BF8685192B83551000A6FF93 /* GADNativeView.swift in Sources */,
				BFEE20612B7216F100B152AF /* ProfileView.swift in Sources */,
				BFEE206D2B73157300B152AF /* RecordView.swift in Sources */,
				BFEE20572B71E94800B152AF /* LoadingView.swift in Sources */,
			);
			runOnlyForDeploymentPostprocessing = 0;
		};
/* End PBXSourcesBuildPhase section */

/* Begin XCBuildConfiguration section */
		BFEE20452B71DB9600B152AF /* Debug */ = {
			isa = XCBuildConfiguration;
			buildSettings = {
				ALWAYS_SEARCH_USER_PATHS = NO;
				ASSETCATALOG_COMPILER_GENERATE_SWIFT_ASSET_SYMBOL_EXTENSIONS = YES;
				CLANG_ANALYZER_NONNULL = YES;
				CLANG_ANALYZER_NUMBER_OBJECT_CONVERSION = YES_AGGRESSIVE;
				CLANG_CXX_LANGUAGE_STANDARD = "gnu++20";
				CLANG_ENABLE_MODULES = YES;
				CLANG_ENABLE_OBJC_ARC = YES;
				CLANG_ENABLE_OBJC_WEAK = YES;
				CLANG_WARN_BLOCK_CAPTURE_AUTORELEASING = YES;
				CLANG_WARN_BOOL_CONVERSION = YES;
				CLANG_WARN_COMMA = YES;
				CLANG_WARN_CONSTANT_CONVERSION = YES;
				CLANG_WARN_DEPRECATED_OBJC_IMPLEMENTATIONS = YES;
				CLANG_WARN_DIRECT_OBJC_ISA_USAGE = YES_ERROR;
				CLANG_WARN_DOCUMENTATION_COMMENTS = YES;
				CLANG_WARN_EMPTY_BODY = YES;
				CLANG_WARN_ENUM_CONVERSION = YES;
				CLANG_WARN_INFINITE_RECURSION = YES;
				CLANG_WARN_INT_CONVERSION = YES;
				CLANG_WARN_NON_LITERAL_NULL_CONVERSION = YES;
				CLANG_WARN_OBJC_IMPLICIT_RETAIN_SELF = YES;
				CLANG_WARN_OBJC_LITERAL_CONVERSION = YES;
				CLANG_WARN_OBJC_ROOT_CLASS = YES_ERROR;
				CLANG_WARN_QUOTED_INCLUDE_IN_FRAMEWORK_HEADER = YES;
				CLANG_WARN_RANGE_LOOP_ANALYSIS = YES;
				CLANG_WARN_STRICT_PROTOTYPES = YES;
				CLANG_WARN_SUSPICIOUS_MOVE = YES;
				CLANG_WARN_UNGUARDED_AVAILABILITY = YES_AGGRESSIVE;
				CLANG_WARN_UNREACHABLE_CODE = YES;
				CLANG_WARN__DUPLICATE_METHOD_MATCH = YES;
				COPY_PHASE_STRIP = NO;
				DEBUG_INFORMATION_FORMAT = dwarf;
				ENABLE_STRICT_OBJC_MSGSEND = YES;
				ENABLE_TESTABILITY = YES;
				ENABLE_USER_SCRIPT_SANDBOXING = YES;
				GCC_C_LANGUAGE_STANDARD = gnu17;
				GCC_DYNAMIC_NO_PIC = NO;
				GCC_NO_COMMON_BLOCKS = YES;
				GCC_OPTIMIZATION_LEVEL = 0;
				GCC_PREPROCESSOR_DEFINITIONS = (
					"DEBUG=1",
					"$(inherited)",
				);
				GCC_WARN_64_TO_32_BIT_CONVERSION = YES;
				GCC_WARN_ABOUT_RETURN_TYPE = YES_ERROR;
				GCC_WARN_UNDECLARED_SELECTOR = YES;
				GCC_WARN_UNINITIALIZED_AUTOS = YES_AGGRESSIVE;
				GCC_WARN_UNUSED_FUNCTION = YES;
				GCC_WARN_UNUSED_VARIABLE = YES;
				IPHONEOS_DEPLOYMENT_TARGET = 17.2;
				LOCALIZATION_PREFERS_STRING_CATALOGS = YES;
				MTL_ENABLE_DEBUG_INFO = INCLUDE_SOURCE;
				MTL_FAST_MATH = YES;
				ONLY_ACTIVE_ARCH = YES;
				SDKROOT = iphoneos;
				SWIFT_ACTIVE_COMPILATION_CONDITIONS = "DEBUG $(inherited)";
				SWIFT_OPTIMIZATION_LEVEL = "-Onone";
			};
			name = Debug;
		};
		BFEE20462B71DB9600B152AF /* Release */ = {
			isa = XCBuildConfiguration;
			buildSettings = {
				ALWAYS_SEARCH_USER_PATHS = NO;
				ASSETCATALOG_COMPILER_GENERATE_SWIFT_ASSET_SYMBOL_EXTENSIONS = YES;
				CLANG_ANALYZER_NONNULL = YES;
				CLANG_ANALYZER_NUMBER_OBJECT_CONVERSION = YES_AGGRESSIVE;
				CLANG_CXX_LANGUAGE_STANDARD = "gnu++20";
				CLANG_ENABLE_MODULES = YES;
				CLANG_ENABLE_OBJC_ARC = YES;
				CLANG_ENABLE_OBJC_WEAK = YES;
				CLANG_WARN_BLOCK_CAPTURE_AUTORELEASING = YES;
				CLANG_WARN_BOOL_CONVERSION = YES;
				CLANG_WARN_COMMA = YES;
				CLANG_WARN_CONSTANT_CONVERSION = YES;
				CLANG_WARN_DEPRECATED_OBJC_IMPLEMENTATIONS = YES;
				CLANG_WARN_DIRECT_OBJC_ISA_USAGE = YES_ERROR;
				CLANG_WARN_DOCUMENTATION_COMMENTS = YES;
				CLANG_WARN_EMPTY_BODY = YES;
				CLANG_WARN_ENUM_CONVERSION = YES;
				CLANG_WARN_INFINITE_RECURSION = YES;
				CLANG_WARN_INT_CONVERSION = YES;
				CLANG_WARN_NON_LITERAL_NULL_CONVERSION = YES;
				CLANG_WARN_OBJC_IMPLICIT_RETAIN_SELF = YES;
				CLANG_WARN_OBJC_LITERAL_CONVERSION = YES;
				CLANG_WARN_OBJC_ROOT_CLASS = YES_ERROR;
				CLANG_WARN_QUOTED_INCLUDE_IN_FRAMEWORK_HEADER = YES;
				CLANG_WARN_RANGE_LOOP_ANALYSIS = YES;
				CLANG_WARN_STRICT_PROTOTYPES = YES;
				CLANG_WARN_SUSPICIOUS_MOVE = YES;
				CLANG_WARN_UNGUARDED_AVAILABILITY = YES_AGGRESSIVE;
				CLANG_WARN_UNREACHABLE_CODE = YES;
				CLANG_WARN__DUPLICATE_METHOD_MATCH = YES;
				COPY_PHASE_STRIP = NO;
				DEBUG_INFORMATION_FORMAT = "dwarf-with-dsym";
				ENABLE_NS_ASSERTIONS = NO;
				ENABLE_STRICT_OBJC_MSGSEND = YES;
				ENABLE_USER_SCRIPT_SANDBOXING = YES;
				GCC_C_LANGUAGE_STANDARD = gnu17;
				GCC_NO_COMMON_BLOCKS = YES;
				GCC_WARN_64_TO_32_BIT_CONVERSION = YES;
				GCC_WARN_ABOUT_RETURN_TYPE = YES_ERROR;
				GCC_WARN_UNDECLARED_SELECTOR = YES;
				GCC_WARN_UNINITIALIZED_AUTOS = YES_AGGRESSIVE;
				GCC_WARN_UNUSED_FUNCTION = YES;
				GCC_WARN_UNUSED_VARIABLE = YES;
				IPHONEOS_DEPLOYMENT_TARGET = 17.2;
				LOCALIZATION_PREFERS_STRING_CATALOGS = YES;
				MTL_ENABLE_DEBUG_INFO = NO;
				MTL_FAST_MATH = YES;
				SDKROOT = iphoneos;
				SWIFT_COMPILATION_MODE = wholemodule;
				VALIDATE_PRODUCT = YES;
			};
			name = Release;
		};
		BFEE20482B71DB9600B152AF /* Debug */ = {
			isa = XCBuildConfiguration;
			buildSettings = {
				ASSETCATALOG_COMPILER_APPICON_NAME = AppIcon;
				ASSETCATALOG_COMPILER_GLOBAL_ACCENT_COLOR_NAME = AccentColor;
				CODE_SIGN_STYLE = Manual;
				CURRENT_PROJECT_VERSION = 20240308;
				DEVELOPMENT_ASSET_PATHS = "\"Love2drink/Preview Content\"";
				DEVELOPMENT_TEAM = "";
				ENABLE_PREVIEWS = YES;
				GENERATE_INFOPLIST_FILE = YES;
				INFOPLIST_FILE = Love2drink/Info.plist;
				INFOPLIST_KEY_NSUserTrackingUsageDescription = "Please allow access to your activity tracking to provide personalized push services and reduce interference caused by irrelevant services.";
				INFOPLIST_KEY_UIApplicationSupportsIndirectInputEvents = YES;
				INFOPLIST_KEY_UILaunchScreen_Generation = YES;
				INFOPLIST_KEY_UISupportedInterfaceOrientations = UIInterfaceOrientationPortrait;
				INFOPLIST_KEY_UISupportedInterfaceOrientations_iPad = "UIInterfaceOrientationLandscapeLeft UIInterfaceOrientationLandscapeRight UIInterfaceOrientationPortrait UIInterfaceOrientationPortraitUpsideDown";
				INFOPLIST_KEY_UIUserInterfaceStyle = Light;
				IPHONEOS_DEPLOYMENT_TARGET = 16.0;
				LD_RUNPATH_SEARCH_PATHS = (
					"$(inherited)",
					"@executable_path/Frameworks",
				);
				MARKETING_VERSION = 1.1.0;
				PRODUCT_BUNDLE_IDENTIFIER = com.love2drink.ios.promax;
				PRODUCT_NAME = "$(TARGET_NAME)";
				PROVISIONING_PROFILE_SPECIFIER = "";
				SUPPORTED_PLATFORMS = "iphoneos iphonesimulator";
				SUPPORTS_MACCATALYST = NO;
				SUPPORTS_XR_DESIGNED_FOR_IPHONE_IPAD = NO;
				SWIFT_EMIT_LOC_STRINGS = YES;
				SWIFT_VERSION = 5.0;
				TARGETED_DEVICE_FAMILY = 1;
			};
			name = Debug;
		};
		BFEE20492B71DB9600B152AF /* Release */ = {
			isa = XCBuildConfiguration;
			buildSettings = {
				ASSETCATALOG_COMPILER_APPICON_NAME = AppIcon;
				ASSETCATALOG_COMPILER_GLOBAL_ACCENT_COLOR_NAME = AccentColor;
				CODE_SIGN_STYLE = Manual;
				CURRENT_PROJECT_VERSION = 20240308;
				DEVELOPMENT_ASSET_PATHS = "\"Love2drink/Preview Content\"";
				DEVELOPMENT_TEAM = "";
				ENABLE_PREVIEWS = YES;
				GENERATE_INFOPLIST_FILE = YES;
				INFOPLIST_FILE = Love2drink/Info.plist;
				INFOPLIST_KEY_NSUserTrackingUsageDescription = "Please allow access to your activity tracking to provide personalized push services and reduce interference caused by irrelevant services.";
				INFOPLIST_KEY_UIApplicationSupportsIndirectInputEvents = YES;
				INFOPLIST_KEY_UILaunchScreen_Generation = YES;
				INFOPLIST_KEY_UISupportedInterfaceOrientations = UIInterfaceOrientationPortrait;
				INFOPLIST_KEY_UISupportedInterfaceOrientations_iPad = "UIInterfaceOrientationLandscapeLeft UIInterfaceOrientationLandscapeRight UIInterfaceOrientationPortrait UIInterfaceOrientationPortraitUpsideDown";
				INFOPLIST_KEY_UIUserInterfaceStyle = Light;
				IPHONEOS_DEPLOYMENT_TARGET = 16.0;
				LD_RUNPATH_SEARCH_PATHS = (
					"$(inherited)",
					"@executable_path/Frameworks",
				);
				MARKETING_VERSION = 1.1.0;
				PRODUCT_BUNDLE_IDENTIFIER = com.love2drink.ios.promax;
				PRODUCT_NAME = "$(TARGET_NAME)";
				PROVISIONING_PROFILE_SPECIFIER = "";
				SUPPORTED_PLATFORMS = "iphoneos iphonesimulator";
				SUPPORTS_MACCATALYST = NO;
				SUPPORTS_XR_DESIGNED_FOR_IPHONE_IPAD = NO;
				SWIFT_EMIT_LOC_STRINGS = YES;
				SWIFT_VERSION = 5.0;
				TARGETED_DEVICE_FAMILY = 1;
			};
			name = Release;
		};
/* End XCBuildConfiguration section */

/* Begin XCConfigurationList section */
		BFEE20342B71DB9400B152AF /* Build configuration list for PBXProject "Love2drink" */ = {
			isa = XCConfigurationList;
			buildConfigurations = (
				BFEE20452B71DB9600B152AF /* Debug */,
				BFEE20462B71DB9600B152AF /* Release */,
			);
			defaultConfigurationIsVisible = 0;
			defaultConfigurationName = Release;
		};
		BFEE20472B71DB9600B152AF /* Build configuration list for PBXNativeTarget "Love2drink" */ = {
			isa = XCConfigurationList;
			buildConfigurations = (
				BFEE20482B71DB9600B152AF /* Debug */,
				BFEE20492B71DB9600B152AF /* Release */,
			);
			defaultConfigurationIsVisible = 0;
			defaultConfigurationName = Release;
		};
/* End XCConfigurationList section */

/* Begin XCRemoteSwiftPackageReference section */
		BF8685142B83549500A6FF93 /* XCRemoteSwiftPackageReference "gadutil" */ = {
			isa = XCRemoteSwiftPackageReference;
			repositoryURL = "https://github.com/yj9294/gadutil.git";
			requirement = {
				branch = main;
				kind = branch;
			};
		};
		BF86851E2B8356CB00A6FF93 /* XCRemoteSwiftPackageReference "facebook-ios-sdk" */ = {
			isa = XCRemoteSwiftPackageReference;
			repositoryURL = "https://github.com/facebook/facebook-ios-sdk";
			requirement = {
				kind = upToNextMajorVersion;
				minimumVersion = 14.1.0;
			};
		};
		BFEE204A2B71DF9500B152AF /* XCRemoteSwiftPackageReference "swift-composable-architecture" */ = {
			isa = XCRemoteSwiftPackageReference;
			repositoryURL = "https://github.com/pointfreeco/swift-composable-architecture.git";
			requirement = {
				kind = upToNextMajorVersion;
				minimumVersion = 1.7.3;
			};
		};
/* End XCRemoteSwiftPackageReference section */

/* Begin XCSwiftPackageProductDependency section */
		BF8685152B83549500A6FF93 /* GADUtil */ = {
			isa = XCSwiftPackageProductDependency;
			package = BF8685142B83549500A6FF93 /* XCRemoteSwiftPackageReference "gadutil" */;
			productName = GADUtil;
		};
		BF86851F2B8356CB00A6FF93 /* FacebookAEM */ = {
			isa = XCSwiftPackageProductDependency;
			package = BF86851E2B8356CB00A6FF93 /* XCRemoteSwiftPackageReference "facebook-ios-sdk" */;
			productName = FacebookAEM;
		};
		BF8685212B8356CB00A6FF93 /* FacebookBasics */ = {
			isa = XCSwiftPackageProductDependency;
			package = BF86851E2B8356CB00A6FF93 /* XCRemoteSwiftPackageReference "facebook-ios-sdk" */;
			productName = FacebookBasics;
		};
		BF8685232B8356CB00A6FF93 /* FacebookCore */ = {
			isa = XCSwiftPackageProductDependency;
			package = BF86851E2B8356CB00A6FF93 /* XCRemoteSwiftPackageReference "facebook-ios-sdk" */;
			productName = FacebookCore;
		};
		BFEE204B2B71DF9500B152AF /* ComposableArchitecture */ = {
			isa = XCSwiftPackageProductDependency;
			package = BFEE204A2B71DF9500B152AF /* XCRemoteSwiftPackageReference "swift-composable-architecture" */;
			productName = ComposableArchitecture;
		};
/* End XCSwiftPackageProductDependency section */
	};
	rootObject = BFEE20312B71DB9400B152AF /* Project object */;
}
